
Microsoft Visual Studio Solution File, Format Version 12.00
# Visual Studio Version 17
VisualStudioVersion = 17.9.34616.47
MinimumVisualStudioVersion = 10.0.40219.1
Project("{9A19103F-16F7-4668-BE54-9A1E7A4F7556}") = "SurfSync", "SurfSync\SurfSync.csproj", "{605F2ED5-FA60-49A8-87BB-79C1DB5BA276}"
EndProject
Project("{FAE04EC0-301F-11D3-BF4B-00C04F79EFBC}") = "SurfSync.Tests", "SurfSync.Tests\SurfSync.Tests.csproj", "{BB19008D-CA58-4157-B3E3-3D13BAE803F5}"
EndProject
Global
	GlobalSection(SolutionConfigurationPlatforms) = preSolution
		Debug|Any CPU = Debug|Any CPU
		Release|Any CPU = Release|Any CPU
	EndGlobalSection
	GlobalSection(ProjectConfigurationPlatforms) = postSolution
		{605F2ED5-FA60-49A8-87BB-79C1DB5BA276}.Debug|Any CPU.ActiveCfg = Debug|Any CPU
		{605F2ED5-FA60-49A8-87BB-79C1DB5BA276}.Debug|Any CPU.Build.0 = Debug|Any CPU
		{605F2ED5-FA60-49A8-87BB-79C1DB5BA276}.Release|Any CPU.ActiveCfg = Release|Any CPU
		{605F2ED5-FA60-49A8-87BB-79C1DB5BA276}.Release|Any CPU.Build.0 = Release|Any CPU
		{BB19008D-CA58-4157-B3E3-3D13BAE803F5}.Debug|Any CPU.ActiveCfg = Debug|Any CPU
		{BB19008D-CA58-4157-B3E3-3D13BAE803F5}.Debug|Any CPU.Build.0 = Debug|Any CPU
		{BB19008D-CA58-4157-B3E3-3D13BAE803F5}.Release|Any CPU.ActiveCfg = Release|Any CPU
		{BB19008D-CA58-4157-B3E3-3D13BAE803F5}.Release|Any CPU.Build.0 = Release|Any CPU
	EndGlobalSection
	GlobalSection(SolutionProperties) = preSolution
		HideSolutionNode = FALSE
	EndGlobalSection
	GlobalSection(ExtensibilityGlobals) = postSolution
		SolutionGuid = {47F9C814-FAB2-43F8-A839-88AB509687AA}
	EndGlobalSection
EndGlobal
